
Microsoft Visual Studio Solution File, Format Version 12.00
# Visual Studio Version 17
VisualStudioVersion = 17.0.31903.59
MinimumVisualStudioVersion = 10.0.40219.1
Project("{2150E333-8FDC-42A3-9474-1A3956D46DE8}") = "src", "src", "{FD209666-DCD4-4736-A8AB-5F6B522A998D}"
EndProject
Project("{FAE04EC0-301F-11D3-BF4B-00C04F79EFBC}") = "CoolCardGames.Library", "src\Library\CoolCardGames.Library.csproj", "{775DAA63-A67C-40EC-AD55-E8619CE747B0}"
EndProject
Project("{2150E333-8FDC-42A3-9474-1A3956D46DE8}") = "tests", "tests", "{C9651E49-871E-4585-BB71-5BC5373EDB8E}"
EndProject
Project("{FAE04EC0-301F-11D3-BF4B-00C04F79EFBC}") = "CoolCardGames.XUnitTests", "tests\XUnitTests\CoolCardGames.XUnitTests.csproj", "{C3DC5B34-2EB7-497E-BD77-3E6DED8E20CA}"
EndProject
Global
	GlobalSection(SolutionConfigurationPlatforms) = preSolution
		Debug|Any CPU = Debug|Any CPU
		Release|Any CPU = Release|Any CPU
	EndGlobalSection
	GlobalSection(SolutionProperties) = preSolution
		HideSolutionNode = FALSE
	EndGlobalSection
	GlobalSection(ProjectConfigurationPlatforms) = postSolution
		{775DAA63-A67C-40EC-AD55-E8619CE747B0}.Debug|Any CPU.ActiveCfg = Debug|Any CPU
		{775DAA63-A67C-40EC-AD55-E8619CE747B0}.Debug|Any CPU.Build.0 = Debug|Any CPU
		{775DAA63-A67C-40EC-AD55-E8619CE747B0}.Release|Any CPU.ActiveCfg = Release|Any CPU
		{775DAA63-A67C-40EC-AD55-E8619CE747B0}.Release|Any CPU.Build.0 = Release|Any CPU
		{C3DC5B34-2EB7-497E-BD77-3E6DED8E20CA}.Debug|Any CPU.ActiveCfg = Debug|Any CPU
		{C3DC5B34-2EB7-497E-BD77-3E6DED8E20CA}.Debug|Any CPU.Build.0 = Debug|Any CPU
		{C3DC5B34-2EB7-497E-BD77-3E6DED8E20CA}.Release|Any CPU.ActiveCfg = Release|Any CPU
		{C3DC5B34-2EB7-497E-BD77-3E6DED8E20CA}.Release|Any CPU.Build.0 = Release|Any CPU
	EndGlobalSection
	GlobalSection(NestedProjects) = preSolution
		{775DAA63-A67C-40EC-AD55-E8619CE747B0} = {FD209666-DCD4-4736-A8AB-5F6B522A998D}
		{C3DC5B34-2EB7-497E-BD77-3E6DED8E20CA} = {C9651E49-871E-4585-BB71-5BC5373EDB8E}
	EndGlobalSection
EndGlobal
